
Microsoft Visual Studio Solution File, Format Version 12.00
# Visual Studio Version 17
VisualStudioVersion = 17.11.34929.205
MinimumVisualStudioVersion = 10.0.40219.1
Project("{FAE04EC0-301F-11D3-BF4B-00C04F79EFBC}") = "DevCacheCleaner", "DevCacheCleaner\DevCacheCleaner.csproj", "{378E3F54-65AD-4852-81D1-615C7C468B3D}"
EndProject
Project("{2150E333-8FDC-42A3-9474-1A3956D46DE8}") = "Solution Items", "Solution Items", "{C8473E34-EFD7-46E2-81F6-69887B22F765}"
	ProjectSection(SolutionItems) = preProject
		.editorconfig = .editorconfig
	EndProjectSection
EndProject
Global
	GlobalSection(SolutionConfigurationPlatforms) = preSolution
		Debug|Any CPU = Debug|Any CPU
		Release|Any CPU = Release|Any CPU
	EndGlobalSection
	GlobalSection(ProjectConfigurationPlatforms) = postSolution
		{378E3F54-65AD-4852-81D1-615C7C468B3D}.Debug|Any CPU.ActiveCfg = Debug|Any CPU
		{378E3F54-65AD-4852-81D1-615C7C468B3D}.Debug|Any CPU.Build.0 = Debug|Any CPU
		{378E3F54-65AD-4852-81D1-615C7C468B3D}.Release|Any CPU.ActiveCfg = Release|Any CPU
		{378E3F54-65AD-4852-81D1-615C7C468B3D}.Release|Any CPU.Build.0 = Release|Any CPU
	EndGlobalSection
	GlobalSection(SolutionProperties) = preSolution
		HideSolutionNode = FALSE
	EndGlobalSection
	GlobalSection(ExtensibilityGlobals) = postSolution
		SolutionGuid = {CE23E41D-6B01-44B8-9037-4DFAD6577AB4}
	EndGlobalSection
EndGlobal
